
Microsoft Visual Studio Solution File, Format Version 12.00
# Visual Studio Version 16
VisualStudioVersion = 16.0.31410.357
MinimumVisualStudioVersion = 10.0.40219.1
Project("{9A19103F-16F7-4668-BE54-9A1E7A4F7556}") = "ApiHotel", "WebApplication1\ApiHotel.csproj", "{46E59F87-0985-46A1-A43B-C719D7984E07}"
EndProject
Project("{9A19103F-16F7-4668-BE54-9A1E7A4F7556}") = "CodeFirstExistingDatabaseSample", "..\CodeFirstExistingDatabaseSample\CodeFirstExistingDatabaseSample\CodeFirstExistingDatabaseSample.csproj", "{56F252DC-FD91-488B-B740-3D19930A241F}"
EndProject
Global
	GlobalSection(SolutionConfigurationPlatforms) = preSolution
		Debug|Any CPU = Debug|Any CPU
		Release|Any CPU = Release|Any CPU
	EndGlobalSection
	GlobalSection(ProjectConfigurationPlatforms) = postSolution
		{46E59F87-0985-46A1-A43B-C719D7984E07}.Debug|Any CPU.ActiveCfg = Debug|Any CPU
		{46E59F87-0985-46A1-A43B-C719D7984E07}.Debug|Any CPU.Build.0 = Debug|Any CPU
		{46E59F87-0985-46A1-A43B-C719D7984E07}.Release|Any CPU.ActiveCfg = Release|Any CPU
		{46E59F87-0985-46A1-A43B-C719D7984E07}.Release|Any CPU.Build.0 = Release|Any CPU
		{56F252DC-FD91-488B-B740-3D19930A241F}.Debug|Any CPU.ActiveCfg = Debug|Any CPU
		{56F252DC-FD91-488B-B740-3D19930A241F}.Debug|Any CPU.Build.0 = Debug|Any CPU
		{56F252DC-FD91-488B-B740-3D19930A241F}.Release|Any CPU.ActiveCfg = Release|Any CPU
		{56F252DC-FD91-488B-B740-3D19930A241F}.Release|Any CPU.Build.0 = Release|Any CPU
	EndGlobalSection
	GlobalSection(SolutionProperties) = preSolution
		HideSolutionNode = FALSE
	EndGlobalSection
	GlobalSection(ExtensibilityGlobals) = postSolution
		SolutionGuid = {339140B8-CB20-40D8-80FF-B88AA4213003}
	EndGlobalSection
EndGlobal
